// !$*UTF8*$!
{
	archiveVersion = 1;
	classes = {
	};
	objectVersion = 46;
	objects = {

/* Begin PBXBuildFile section */
		E43466AC15979549000638EE /* UIKit.framework in Frameworks */ = {isa = PBXBuildFile; fileRef = E43466AB15979549000638EE /* UIKit.framework */; };
		E43466AE15979549000638EE /* Foundation.framework in Frameworks */ = {isa = PBXBuildFile; fileRef = E43466AD15979549000638EE /* Foundation.framework */; };
		E43466B015979549000638EE /* CoreGraphics.framework in Frameworks */ = {isa = PBXBuildFile; fileRef = E43466AF15979549000638EE /* CoreGraphics.framework */; };
		E43466B615979549000638EE /* InfoPlist.strings in Resources */ = {isa = PBXBuildFile; fileRef = E43466B415979549000638EE /* InfoPlist.strings */; };
		E43466B815979549000638EE /* main.m in Sources */ = {isa = PBXBuildFile; fileRef = E43466B715979549000638EE /* main.m */; };
		E43466BC15979549000638EE /* CalculatorAppDelegate.m in Sources */ = {isa = PBXBuildFile; fileRef = E43466BB15979549000638EE /* CalculatorAppDelegate.m */; };
		E43466BF15979549000638EE /* MainStoryboard.storyboard in Resources */ = {isa = PBXBuildFile; fileRef = E43466BD15979549000638EE /* MainStoryboard.storyboard */; };
		E43466C215979549000638EE /* CalculatorViewController.m in Sources */ = {isa = PBXBuildFile; fileRef = E43466C115979549000638EE /* CalculatorViewController.m */; };
		E45F5C17159CE7AF00A3B013 /* CalculatorBrain.m in Sources */ = {isa = PBXBuildFile; fileRef = E45F5C16159CE7AF00A3B013 /* CalculatorBrain.m */; };
		E4C8043815B3D56600F58C37 /* Graphic.m in Sources */ = {isa = PBXBuildFile; fileRef = E4C8043515B3D56600F58C37 /* Graphic.m */; };
		E4C8043915B3D56600F58C37 /* GraphViewController.m in Sources */ = {isa = PBXBuildFile; fileRef = E4C8043715B3D56600F58C37 /* GraphViewController.m */; };
		E4C8043C15B3DECD00F58C37 /* AxesDrawer.m in Sources */ = {isa = PBXBuildFile; fileRef = E4C8043B15B3DECD00F58C37 /* AxesDrawer.m */; };
/* End PBXBuildFile section */

/* Begin PBXFileReference section */
		E43466A715979549000638EE /* CalculatorCT3.app */ = {isa = PBXFileReference; explicitFileType = wrapper.application; includeInIndex = 0; path = CalculatorCT3.app; sourceTree = BUILT_PRODUCTS_DIR; };
		E43466AB15979549000638EE /* UIKit.framework */ = {isa = PBXFileReference; lastKnownFileType = wrapper.framework; name = UIKit.framework; path = System/Library/Frameworks/UIKit.framework; sourceTree = SDKROOT; };
		E43466AD15979549000638EE /* Foundation.framework */ = {isa = PBXFileReference; lastKnownFileType = wrapper.framework; name = Foundation.framework; path = System/Library/Frameworks/Foundation.framework; sourceTree = SDKROOT; };
		E43466AF15979549000638EE /* CoreGraphics.framework */ = {isa = PBXFileReference; lastKnownFileType = wrapper.framework; name = CoreGraphics.framework; path = System/Library/Frameworks/CoreGraphics.framework; sourceTree = SDKROOT; };
		E43466B315979549000638EE /* CalculatorCT-Info.plist */ = {isa = PBXFileReference; lastKnownFileType = text.plist.xml; path = "CalculatorCT-Info.plist"; sourceTree = "<group>"; };
		E43466B515979549000638EE /* en */ = {isa = PBXFileReference; lastKnownFileType = text.plist.strings; name = en; path = en.lproj/InfoPlist.strings; sourceTree = "<group>"; };
		E43466B715979549000638EE /* main.m */ = {isa = PBXFileReference; lastKnownFileType = sourcecode.c.objc; path = main.m; sourceTree = "<group>"; };
		E43466B915979549000638EE /* CalculatorCT-Prefix.pch */ = {isa = PBXFileReference; lastKnownFileType = sourcecode.c.h; path = "CalculatorCT-Prefix.pch"; sourceTree = "<group>"; };
		E43466BA15979549000638EE /* CalculatorAppDelegate.h */ = {isa = PBXFileReference; lastKnownFileType = sourcecode.c.h; path = CalculatorAppDelegate.h; sourceTree = "<group>"; };
		E43466BB15979549000638EE /* CalculatorAppDelegate.m */ = {isa = PBXFileReference; lastKnownFileType = sourcecode.c.objc; path = CalculatorAppDelegate.m; sourceTree = "<group>"; };
		E43466BE15979549000638EE /* en */ = {isa = PBXFileReference; lastKnownFileType = file.storyboard; name = en; path = en.lproj/MainStoryboard.storyboard; sourceTree = "<group>"; };
		E43466C015979549000638EE /* CalculatorViewController.h */ = {isa = PBXFileReference; lastKnownFileType = sourcecode.c.h; path = CalculatorViewController.h; sourceTree = "<group>"; };
		E43466C115979549000638EE /* CalculatorViewController.m */ = {isa = PBXFileReference; lastKnownFileType = sourcecode.c.objc; path = CalculatorViewController.m; sourceTree = "<group>"; };
		E45F5C15159CE7AF00A3B013 /* CalculatorBrain.h */ = {isa = PBXFileReference; fileEncoding = 4; lastKnownFileType = sourcecode.c.h; path = CalculatorBrain.h; sourceTree = "<group>"; };
		E45F5C16159CE7AF00A3B013 /* CalculatorBrain.m */ = {isa = PBXFileReference; fileEncoding = 4; lastKnownFileType = sourcecode.c.objc; path = CalculatorBrain.m; sourceTree = "<group>"; };
		E4C8043415B3D56600F58C37 /* Graphic.h */ = {isa = PBXFileReference; fileEncoding = 4; lastKnownFileType = sourcecode.c.h; path = Graphic.h; sourceTree = "<group>"; };
		E4C8043515B3D56600F58C37 /* Graphic.m */ = {isa = PBXFileReference; fileEncoding = 4; lastKnownFileType = sourcecode.c.objc; path = Graphic.m; sourceTree = "<group>"; };
		E4C8043615B3D56600F58C37 /* GraphViewController.h */ = {isa = PBXFileReference; fileEncoding = 4; lastKnownFileType = sourcecode.c.h; path = GraphViewController.h; sourceTree = "<group>"; };
		E4C8043715B3D56600F58C37 /* GraphViewController.m */ = {isa = PBXFileReference; fileEncoding = 4; lastKnownFileType = sourcecode.c.objc; path = GraphViewController.m; sourceTree = "<group>"; };
		E4C8043A15B3DECD00F58C37 /* AxesDrawer.h */ = {isa = PBXFileReference; fileEncoding = 4; lastKnownFileType = sourcecode.c.h; path = AxesDrawer.h; sourceTree = "<group>"; };
		E4C8043B15B3DECD00F58C37 /* AxesDrawer.m */ = {isa = PBXFileReference; fileEncoding = 4; lastKnownFileType = sourcecode.c.objc; path = AxesDrawer.m; sourceTree = "<group>"; };
/* End PBXFileReference section */

/* Begin PBXFrameworksBuildPhase section */
		E43466A415979549000638EE /* Frameworks */ = {
			isa = PBXFrameworksBuildPhase;
			buildActionMask = 2147483647;
			files = (
				E43466AC15979549000638EE /* UIKit.framework in Frameworks */,
				E43466AE15979549000638EE /* Foundation.framework in Frameworks */,
				E43466B015979549000638EE /* CoreGraphics.framework in Frameworks */,
			);
			runOnlyForDeploymentPostprocessing = 0;
		};
/* End PBXFrameworksBuildPhase section */

/* Begin PBXGroup section */
		E434669C15979549000638EE = {
			isa = PBXGroup;
			children = (
				E43466B115979549000638EE /* CalculatorCT */,
				E43466AA15979549000638EE /* Frameworks */,
				E43466A815979549000638EE /* Products */,
			);
			sourceTree = "<group>";
		};
		E43466A815979549000638EE /* Products */ = {
			isa = PBXGroup;
			children = (
				E43466A715979549000638EE /* CalculatorCT3.app */,
			);
			name = Products;
			sourceTree = "<group>";
		};
		E43466AA15979549000638EE /* Frameworks */ = {
			isa = PBXGroup;
			children = (
				E43466AB15979549000638EE /* UIKit.framework */,
				E43466AD15979549000638EE /* Foundation.framework */,
				E43466AF15979549000638EE /* CoreGraphics.framework */,
			);
			name = Frameworks;
			sourceTree = "<group>";
		};
		E43466B115979549000638EE /* CalculatorCT */ = {
			isa = PBXGroup;
			children = (
				E43466BA15979549000638EE /* CalculatorAppDelegate.h */,
				E43466BB15979549000638EE /* CalculatorAppDelegate.m */,
				E43466BD15979549000638EE /* MainStoryboard.storyboard */,
				E4C8043415B3D56600F58C37 /* Graphic.h */,
				E4C8043515B3D56600F58C37 /* Graphic.m */,
				E4C8043615B3D56600F58C37 /* GraphViewController.h */,
				E4C8043715B3D56600F58C37 /* GraphViewController.m */,
				E45F5C15159CE7AF00A3B013 /* CalculatorBrain.h */,
				E45F5C16159CE7AF00A3B013 /* CalculatorBrain.m */,
				E43466C015979549000638EE /* CalculatorViewController.h */,
				E43466C115979549000638EE /* CalculatorViewController.m */,
				E4C8043A15B3DECD00F58C37 /* AxesDrawer.h */,
				E4C8043B15B3DECD00F58C37 /* AxesDrawer.m */,
				E43466B215979549000638EE /* Supporting Files */,
			);
			path = CalculatorCT;
			sourceTree = "<group>";
		};
		E43466B215979549000638EE /* Supporting Files */ = {
			isa = PBXGroup;
			children = (
				E43466B315979549000638EE /* CalculatorCT-Info.plist */,
				E43466B415979549000638EE /* InfoPlist.strings */,
				E43466B715979549000638EE /* main.m */,
				E43466B915979549000638EE /* CalculatorCT-Prefix.pch */,
			);
			name = "Supporting Files";
			sourceTree = "<group>";
		};
/* End PBXGroup section */

/* Begin PBXNativeTarget section */
		E43466A615979549000638EE /* CalculatorCT3 */ = {
			isa = PBXNativeTarget;
			buildConfigurationList = E43466C515979549000638EE /* Build configuration list for PBXNativeTarget "CalculatorCT3" */;
			buildPhases = (
				E43466A315979549000638EE /* Sources */,
				E43466A415979549000638EE /* Frameworks */,
				E43466A515979549000638EE /* Resources */,
			);
			buildRules = (
			);
			dependencies = (
			);
			name = CalculatorCT3;
			productName = CalculatorCT;
			productReference = E43466A715979549000638EE /* CalculatorCT3.app */;
			productType = "com.apple.product-type.application";
		};
/* End PBXNativeTarget section */

/* Begin PBXProject section */
		E434669E15979549000638EE /* Project object */ = {
			isa = PBXProject;
			attributes = {
				CLASSPREFIX = Calculator;
				LastUpgradeCheck = 0430;
			};
			buildConfigurationList = E43466A115979549000638EE /* Build configuration list for PBXProject "CalculatorCT3" */;
			compatibilityVersion = "Xcode 3.2";
			developmentRegion = English;
			hasScannedForEncodings = 0;
			knownRegions = (
				en,
			);
			mainGroup = E434669C15979549000638EE;
			productRefGroup = E43466A815979549000638EE /* Products */;
			projectDirPath = "";
			projectRoot = "";
			targets = (
				E43466A615979549000638EE /* CalculatorCT3 */,
			);
		};
/* End PBXProject section */

/* Begin PBXResourcesBuildPhase section */
		E43466A515979549000638EE /* Resources */ = {
			isa = PBXResourcesBuildPhase;
			buildActionMask = 2147483647;
			files = (
				E43466B615979549000638EE /* InfoPlist.strings in Resources */,
				E43466BF15979549000638EE /* MainStoryboard.storyboard in Resources */,
			);
			runOnlyForDeploymentPostprocessing = 0;
		};
/* End PBXResourcesBuildPhase section */

/* Begin PBXSourcesBuildPhase section */
		E43466A315979549000638EE /* Sources */ = {
			isa = PBXSourcesBuildPhase;
			buildActionMask = 2147483647;
			files = (
				E43466B815979549000638EE /* main.m in Sources */,
				E43466BC15979549000638EE /* CalculatorAppDelegate.m in Sources */,
				E43466C215979549000638EE /* CalculatorViewController.m in Sources */,
				E45F5C17159CE7AF00A3B013 /* CalculatorBrain.m in Sources */,
				E4C8043815B3D56600F58C37 /* Graphic.m in Sources */,
				E4C8043915B3D56600F58C37 /* GraphViewController.m in Sources */,
				E4C8043C15B3DECD00F58C37 /* AxesDrawer.m in Sources */,
			);
			runOnlyForDeploymentPostprocessing = 0;
		};
/* End PBXSourcesBuildPhase section */

/* Begin PBXVariantGroup section */
		E43466B415979549000638EE /* InfoPlist.strings */ = {
			isa = PBXVariantGroup;
			children = (
				E43466B515979549000638EE /* en */,
			);
			name = InfoPlist.strings;
			sourceTree = "<group>";
		};
		E43466BD15979549000638EE /* MainStoryboard.storyboard */ = {
			isa = PBXVariantGroup;
			children = (
				E43466BE15979549000638EE /* en */,
			);
			name = MainStoryboard.storyboard;
			sourceTree = "<group>";
		};
/* End PBXVariantGroup section */

/* Begin XCBuildConfiguration section */
		E43466C315979549000638EE /* Debug */ = {
			isa = XCBuildConfiguration;
			buildSettings = {
				ALWAYS_SEARCH_USER_PATHS = NO;
				ARCHS = "$(ARCHS_STANDARD_32_BIT)";
				CLANG_ENABLE_OBJC_ARC = YES;
				"CODE_SIGN_IDENTITY[sdk=iphoneos*]" = "iPhone Developer";
				COPY_PHASE_STRIP = NO;
				GCC_C_LANGUAGE_STANDARD = gnu99;
				GCC_DYNAMIC_NO_PIC = NO;
				GCC_OPTIMIZATION_LEVEL = 0;
				GCC_PREPROCESSOR_DEFINITIONS = (
					"DEBUG=1",
					"$(inherited)",
				);
				GCC_SYMBOLS_PRIVATE_EXTERN = NO;
				GCC_VERSION = com.apple.compilers.llvm.clang.1_0;
				GCC_WARN_ABOUT_RETURN_TYPE = YES;
				GCC_WARN_UNINITIALIZED_AUTOS = YES;
				GCC_WARN_UNUSED_VARIABLE = YES;
				IPHONEOS_DEPLOYMENT_TARGET = 5.1;
				SDKROOT = iphoneos;
			};
			name = Debug;
		};
		E43466C415979549000638EE /* Release */ = {
			isa = XCBuildConfiguration;
			buildSettings = {
				ALWAYS_SEARCH_USER_PATHS = NO;
				ARCHS = "$(ARCHS_STANDARD_32_BIT)";
				CLANG_ENABLE_OBJC_ARC = YES;
				"CODE_SIGN_IDENTITY[sdk=iphoneos*]" = "iPhone Developer";
				COPY_PHASE_STRIP = YES;
				GCC_C_LANGUAGE_STANDARD = gnu99;
				GCC_VERSION = com.apple.compilers.llvm.clang.1_0;
				GCC_WARN_ABOUT_RETURN_TYPE = YES;
				GCC_WARN_UNINITIALIZED_AUTOS = YES;
				GCC_WARN_UNUSED_VARIABLE = YES;
				IPHONEOS_DEPLOYMENT_TARGET = 5.1;
				OTHER_CFLAGS = "-DNS_BLOCK_ASSERTIONS=1";
				SDKROOT = iphoneos;
				VALIDATE_PRODUCT = YES;
			};
			name = Release;
		};
		E43466C615979549000638EE /* Debug */ = {
			isa = XCBuildConfiguration;
			buildSettings = {
				GCC_PRECOMPILE_PREFIX_HEADER = YES;
				GCC_PREFIX_HEADER = "CalculatorCT/CalculatorCT-Prefix.pch";
				INFOPLIST_FILE = "CalculatorCT/CalculatorCT-Info.plist";
				PRODUCT_NAME = CalculatorCT3;
				WRAPPER_EXTENSION = app;
			};
			name = Debug;
		};
		E43466C715979549000638EE /* Release */ = {
			isa = XCBuildConfiguration;
			buildSettings = {
				GCC_PRECOMPILE_PREFIX_HEADER = YES;
				GCC_PREFIX_HEADER = "CalculatorCT/CalculatorCT-Prefix.pch";
				INFOPLIST_FILE = "CalculatorCT/CalculatorCT-Info.plist";
				PRODUCT_NAME = CalculatorCT3;
				WRAPPER_EXTENSION = app;
			};
			name = Release;
		};
/* End XCBuildConfiguration section */

/* Begin XCConfigurationList section */
		E43466A115979549000638EE /* Build configuration list for PBXProject "CalculatorCT3" */ = {
			isa = XCConfigurationList;
			buildConfigurations = (
				E43466C315979549000638EE /* Debug */,
				E43466C415979549000638EE /* Release */,
			);
			defaultConfigurationIsVisible = 0;
			defaultConfigurationName = Release;
		};
		E43466C515979549000638EE /* Build configuration list for PBXNativeTarget "CalculatorCT3" */ = {
			isa = XCConfigurationList;
			buildConfigurations = (
				E43466C615979549000638EE /* Debug */,
				E43466C715979549000638EE /* Release */,
			);
			defaultConfigurationIsVisible = 0;
			defaultConfigurationName = Release;
		};
/* End XCConfigurationList section */
	};
	rootObject = E434669E15979549000638EE /* Project object */;
}
